
Microsoft Visual Studio Solution File, Format Version 12.00
# Visual Studio Version 17
VisualStudioVersion = 17.5.002.0
MinimumVisualStudioVersion = 10.0.40219.1
Project("{2150E333-8FDC-42A3-9474-1A3956D46DE8}") = "csharp-hello_world", "csharp-hello_world", "{A320810C-19DC-4913-A68C-193E843A1C4D}"
EndProject
Project("{9A19103F-16F7-4668-BE54-9A1E7A4F7556}") = "0-new_project", "csharp-hello_world\0-new_project\0-new_project.csproj", "{CF82CD45-60F6-4BFF-A4CF-F040B560F2EE}"
EndProject
Project("{FAE04EC0-301F-11D3-BF4B-00C04F79EFBC}") = "4-print_integer", "csharp-hello_world\4-print_integer\4-print_integer.csproj", "{2AD4E5CB-4E18-467C-A8BE-AE7F1085A38F}"
EndProject
Project("{FAE04EC0-301F-11D3-BF4B-00C04F79EFBC}") = "5-print_float", "csharp-hello_world\5-print_float\5-print_float.csproj", "{356B8620-368D-42B2-B680-C297B9664500}"
EndProject
Project("{FAE04EC0-301F-11D3-BF4B-00C04F79EFBC}") = "6-print_string", "csharp-hello_world\6-print_string\6-print_string.csproj", "{7FB0DE97-480B-45E0-ADD0-69D1676F7127}"
EndProject
Project("{FAE04EC0-301F-11D3-BF4B-00C04F79EFBC}") = "7-concat", "csharp-hello_world\7-concat\7-concat.csproj", "{0953D0FE-A315-4B8F-A151-048434A1A26D}"
EndProject
Project("{FAE04EC0-301F-11D3-BF4B-00C04F79EFBC}") = "8-print_variable", "csharp-hello_world\8-print_variable\8-print_variable.csproj", "{DBD12C9D-40CF-4D39-BF87-07FFE371B669}"
EndProject
Project("{FAE04EC0-301F-11D3-BF4B-00C04F79EFBC}") = "9-print_specifiers", "csharp-hello_world\9-print_specifiers\9-print_specifiers.csproj", "{C7DABF08-0616-491D-B9D5-3D8B6E703828}"
EndProject
Project("{FAE04EC0-301F-11D3-BF4B-00C04F79EFBC}") = "10-copy_cut_paste", "csharp-hello_world\10-copy_cut_paste\10-copy_cut_paste.csproj", "{C04C2E24-BDC2-41A8-96A5-D422C4C8C350}"
EndProject
Project("{FAE04EC0-301F-11D3-BF4B-00C04F79EFBC}") = "11-concat_edges", "csharp-hello_world\11-concat_edges\11-concat_edges.csproj", "{F6AED705-9037-49D8-8561-ED8D465D61C8}"
EndProject
Project("{FAE04EC0-301F-11D3-BF4B-00C04F79EFBC}") = "0-positive_or_negative", "0-positive_or_negative\0-positive_or_negative.csproj", "{F4E60FE1-34E1-4B24-BC2C-A2A6D8C87A6A}"
EndProject
Project("{2150E333-8FDC-42A3-9474-1A3956D46DE8}") = "csharp-ifelse_loops_methods", "csharp-ifelse_loops_methods", "{8D4F6D76-2A8C-4F5C-B40B-36C42A44F826}"
EndProject
Project("{FAE04EC0-301F-11D3-BF4B-00C04F79EFBC}") = "0-positive_or_negative", "csharp-ifelse_loops_methods\0-positive_or_negative\0-positive_or_negative.csproj", "{32BF2710-DF09-4C79-A22F-46D2E05DEF66}"
EndProject
Project("{FAE04EC0-301F-11D3-BF4B-00C04F79EFBC}") = "1-last_digit", "csharp-ifelse_loops_methods\1-last_digit\1-last_digit.csproj", "{973D8DB6-E8AC-4EB7-929A-92ED0522B4A7}"
EndProject
Project("{FAE04EC0-301F-11D3-BF4B-00C04F79EFBC}") = "2-print_alphabet", "csharp-ifelse_loops_methods\2-print_alphabet\2-print_alphabet.csproj", "{0FBE02BF-58DE-4C47-B77A-CB15D3786F24}"
EndProject
Project("{FAE04EC0-301F-11D3-BF4B-00C04F79EFBC}") = "3-print_alphabt", "csharp-ifelse_loops_methods\3-print_alphabt\3-print_alphabt.csproj", "{47AEEBE1-4832-42A7-A915-4FD4F35ED4F5}"
EndProject
Project("{FAE04EC0-301F-11D3-BF4B-00C04F79EFBC}") = "4-print_hexa", "csharp-ifelse_loops_methods\4-print_hexa\4-print_hexa.csproj", "{752BEA82-DB87-409F-8C56-2FF859F6C078}"
EndProject
Project("{FAE04EC0-301F-11D3-BF4B-00C04F79EFBC}") = "5-print_comb", "csharp-ifelse_loops_methods\5-print_comb\5-print_comb.csproj", "{6D97BD28-C8B7-414D-8664-910D655400F9}"
EndProject
Project("{FAE04EC0-301F-11D3-BF4B-00C04F79EFBC}") = "6-print_comb2", "csharp-ifelse_loops_methods\6-print_comb2\6-print_comb2.csproj", "{BC70289C-B06C-4208-8EC7-9E4659D10E27}"
EndProject
Project("{FAE04EC0-301F-11D3-BF4B-00C04F79EFBC}") = "7-islower", "csharp-ifelse_loops_methods\7-islower\7-islower.csproj", "{9F9F2A5D-A737-4C82-A431-6231B1AE4CA0}"
EndProject
Project("{FAE04EC0-301F-11D3-BF4B-00C04F79EFBC}") = "8-print_last_digit", "csharp-ifelse_loops_methods\8-print_last_digit\8-print_last_digit.csproj", "{3D162598-E68A-4360-A8B4-57236A2B3F86}"
EndProject
Project("{FAE04EC0-301F-11D3-BF4B-00C04F79EFBC}") = "9-add", "csharp-ifelse_loops_methods\9-add\9-add.csproj", "{281F18D4-3E3B-47CE-8078-35F19463F0A0}"
EndProject
Global
	GlobalSection(SolutionConfigurationPlatforms) = preSolution
		Debug|Any CPU = Debug|Any CPU
		Release|Any CPU = Release|Any CPU
	EndGlobalSection
	GlobalSection(ProjectConfigurationPlatforms) = postSolution
		{CF82CD45-60F6-4BFF-A4CF-F040B560F2EE}.Debug|Any CPU.ActiveCfg = Debug|Any CPU
		{CF82CD45-60F6-4BFF-A4CF-F040B560F2EE}.Debug|Any CPU.Build.0 = Debug|Any CPU
		{CF82CD45-60F6-4BFF-A4CF-F040B560F2EE}.Release|Any CPU.ActiveCfg = Release|Any CPU
		{CF82CD45-60F6-4BFF-A4CF-F040B560F2EE}.Release|Any CPU.Build.0 = Release|Any CPU
		{2AD4E5CB-4E18-467C-A8BE-AE7F1085A38F}.Debug|Any CPU.ActiveCfg = Debug|Any CPU
		{2AD4E5CB-4E18-467C-A8BE-AE7F1085A38F}.Debug|Any CPU.Build.0 = Debug|Any CPU
		{2AD4E5CB-4E18-467C-A8BE-AE7F1085A38F}.Release|Any CPU.ActiveCfg = Release|Any CPU
		{2AD4E5CB-4E18-467C-A8BE-AE7F1085A38F}.Release|Any CPU.Build.0 = Release|Any CPU
		{356B8620-368D-42B2-B680-C297B9664500}.Debug|Any CPU.ActiveCfg = Debug|Any CPU
		{356B8620-368D-42B2-B680-C297B9664500}.Debug|Any CPU.Build.0 = Debug|Any CPU
		{356B8620-368D-42B2-B680-C297B9664500}.Release|Any CPU.ActiveCfg = Release|Any CPU
		{356B8620-368D-42B2-B680-C297B9664500}.Release|Any CPU.Build.0 = Release|Any CPU
		{7FB0DE97-480B-45E0-ADD0-69D1676F7127}.Debug|Any CPU.ActiveCfg = Debug|Any CPU
		{7FB0DE97-480B-45E0-ADD0-69D1676F7127}.Debug|Any CPU.Build.0 = Debug|Any CPU
		{7FB0DE97-480B-45E0-ADD0-69D1676F7127}.Release|Any CPU.ActiveCfg = Release|Any CPU
		{7FB0DE97-480B-45E0-ADD0-69D1676F7127}.Release|Any CPU.Build.0 = Release|Any CPU
		{0953D0FE-A315-4B8F-A151-048434A1A26D}.Debug|Any CPU.ActiveCfg = Debug|Any CPU
		{0953D0FE-A315-4B8F-A151-048434A1A26D}.Debug|Any CPU.Build.0 = Debug|Any CPU
		{0953D0FE-A315-4B8F-A151-048434A1A26D}.Release|Any CPU.ActiveCfg = Release|Any CPU
		{0953D0FE-A315-4B8F-A151-048434A1A26D}.Release|Any CPU.Build.0 = Release|Any CPU
		{DBD12C9D-40CF-4D39-BF87-07FFE371B669}.Debug|Any CPU.ActiveCfg = Debug|Any CPU
		{DBD12C9D-40CF-4D39-BF87-07FFE371B669}.Debug|Any CPU.Build.0 = Debug|Any CPU
		{DBD12C9D-40CF-4D39-BF87-07FFE371B669}.Release|Any CPU.ActiveCfg = Release|Any CPU
		{DBD12C9D-40CF-4D39-BF87-07FFE371B669}.Release|Any CPU.Build.0 = Release|Any CPU
		{C7DABF08-0616-491D-B9D5-3D8B6E703828}.Debug|Any CPU.ActiveCfg = Debug|Any CPU
		{C7DABF08-0616-491D-B9D5-3D8B6E703828}.Debug|Any CPU.Build.0 = Debug|Any CPU
		{C7DABF08-0616-491D-B9D5-3D8B6E703828}.Release|Any CPU.ActiveCfg = Release|Any CPU
		{C7DABF08-0616-491D-B9D5-3D8B6E703828}.Release|Any CPU.Build.0 = Release|Any CPU
		{C04C2E24-BDC2-41A8-96A5-D422C4C8C350}.Debug|Any CPU.ActiveCfg = Debug|Any CPU
		{C04C2E24-BDC2-41A8-96A5-D422C4C8C350}.Debug|Any CPU.Build.0 = Debug|Any CPU
		{C04C2E24-BDC2-41A8-96A5-D422C4C8C350}.Release|Any CPU.ActiveCfg = Release|Any CPU
		{C04C2E24-BDC2-41A8-96A5-D422C4C8C350}.Release|Any CPU.Build.0 = Release|Any CPU
		{F6AED705-9037-49D8-8561-ED8D465D61C8}.Debug|Any CPU.ActiveCfg = Debug|Any CPU
		{F6AED705-9037-49D8-8561-ED8D465D61C8}.Debug|Any CPU.Build.0 = Debug|Any CPU
		{F6AED705-9037-49D8-8561-ED8D465D61C8}.Release|Any CPU.ActiveCfg = Release|Any CPU
		{F6AED705-9037-49D8-8561-ED8D465D61C8}.Release|Any CPU.Build.0 = Release|Any CPU
		{F4E60FE1-34E1-4B24-BC2C-A2A6D8C87A6A}.Debug|Any CPU.ActiveCfg = Debug|Any CPU
		{F4E60FE1-34E1-4B24-BC2C-A2A6D8C87A6A}.Debug|Any CPU.Build.0 = Debug|Any CPU
		{F4E60FE1-34E1-4B24-BC2C-A2A6D8C87A6A}.Release|Any CPU.ActiveCfg = Release|Any CPU
		{F4E60FE1-34E1-4B24-BC2C-A2A6D8C87A6A}.Release|Any CPU.Build.0 = Release|Any CPU
		{32BF2710-DF09-4C79-A22F-46D2E05DEF66}.Debug|Any CPU.ActiveCfg = Debug|Any CPU
		{32BF2710-DF09-4C79-A22F-46D2E05DEF66}.Debug|Any CPU.Build.0 = Debug|Any CPU
		{32BF2710-DF09-4C79-A22F-46D2E05DEF66}.Release|Any CPU.ActiveCfg = Release|Any CPU
		{32BF2710-DF09-4C79-A22F-46D2E05DEF66}.Release|Any CPU.Build.0 = Release|Any CPU
		{973D8DB6-E8AC-4EB7-929A-92ED0522B4A7}.Debug|Any CPU.ActiveCfg = Debug|Any CPU
		{973D8DB6-E8AC-4EB7-929A-92ED0522B4A7}.Debug|Any CPU.Build.0 = Debug|Any CPU
		{973D8DB6-E8AC-4EB7-929A-92ED0522B4A7}.Release|Any CPU.ActiveCfg = Release|Any CPU
		{973D8DB6-E8AC-4EB7-929A-92ED0522B4A7}.Release|Any CPU.Build.0 = Release|Any CPU
		{0FBE02BF-58DE-4C47-B77A-CB15D3786F24}.Debug|Any CPU.ActiveCfg = Debug|Any CPU
		{0FBE02BF-58DE-4C47-B77A-CB15D3786F24}.Debug|Any CPU.Build.0 = Debug|Any CPU
		{0FBE02BF-58DE-4C47-B77A-CB15D3786F24}.Release|Any CPU.ActiveCfg = Release|Any CPU
		{0FBE02BF-58DE-4C47-B77A-CB15D3786F24}.Release|Any CPU.Build.0 = Release|Any CPU
		{47AEEBE1-4832-42A7-A915-4FD4F35ED4F5}.Debug|Any CPU.ActiveCfg = Debug|Any CPU
		{47AEEBE1-4832-42A7-A915-4FD4F35ED4F5}.Debug|Any CPU.Build.0 = Debug|Any CPU
		{47AEEBE1-4832-42A7-A915-4FD4F35ED4F5}.Release|Any CPU.ActiveCfg = Release|Any CPU
		{47AEEBE1-4832-42A7-A915-4FD4F35ED4F5}.Release|Any CPU.Build.0 = Release|Any CPU
		{752BEA82-DB87-409F-8C56-2FF859F6C078}.Debug|Any CPU.ActiveCfg = Debug|Any CPU
		{752BEA82-DB87-409F-8C56-2FF859F6C078}.Debug|Any CPU.Build.0 = Debug|Any CPU
		{752BEA82-DB87-409F-8C56-2FF859F6C078}.Release|Any CPU.ActiveCfg = Release|Any CPU
		{752BEA82-DB87-409F-8C56-2FF859F6C078}.Release|Any CPU.Build.0 = Release|Any CPU
		{6D97BD28-C8B7-414D-8664-910D655400F9}.Debug|Any CPU.ActiveCfg = Debug|Any CPU
		{6D97BD28-C8B7-414D-8664-910D655400F9}.Debug|Any CPU.Build.0 = Debug|Any CPU
		{6D97BD28-C8B7-414D-8664-910D655400F9}.Release|Any CPU.ActiveCfg = Release|Any CPU
		{6D97BD28-C8B7-414D-8664-910D655400F9}.Release|Any CPU.Build.0 = Release|Any CPU
		{BC70289C-B06C-4208-8EC7-9E4659D10E27}.Debug|Any CPU.ActiveCfg = Debug|Any CPU
		{BC70289C-B06C-4208-8EC7-9E4659D10E27}.Debug|Any CPU.Build.0 = Debug|Any CPU
		{BC70289C-B06C-4208-8EC7-9E4659D10E27}.Release|Any CPU.ActiveCfg = Release|Any CPU
		{BC70289C-B06C-4208-8EC7-9E4659D10E27}.Release|Any CPU.Build.0 = Release|Any CPU
		{9F9F2A5D-A737-4C82-A431-6231B1AE4CA0}.Debug|Any CPU.ActiveCfg = Debug|Any CPU
		{9F9F2A5D-A737-4C82-A431-6231B1AE4CA0}.Debug|Any CPU.Build.0 = Debug|Any CPU
		{9F9F2A5D-A737-4C82-A431-6231B1AE4CA0}.Release|Any CPU.ActiveCfg = Release|Any CPU
		{9F9F2A5D-A737-4C82-A431-6231B1AE4CA0}.Release|Any CPU.Build.0 = Release|Any CPU
		{3D162598-E68A-4360-A8B4-57236A2B3F86}.Debug|Any CPU.ActiveCfg = Debug|Any CPU
		{3D162598-E68A-4360-A8B4-57236A2B3F86}.Debug|Any CPU.Build.0 = Debug|Any CPU
		{3D162598-E68A-4360-A8B4-57236A2B3F86}.Release|Any CPU.ActiveCfg = Release|Any CPU
		{3D162598-E68A-4360-A8B4-57236A2B3F86}.Release|Any CPU.Build.0 = Release|Any CPU
		{281F18D4-3E3B-47CE-8078-35F19463F0A0}.Debug|Any CPU.ActiveCfg = Debug|Any CPU
		{281F18D4-3E3B-47CE-8078-35F19463F0A0}.Debug|Any CPU.Build.0 = Debug|Any CPU
		{281F18D4-3E3B-47CE-8078-35F19463F0A0}.Release|Any CPU.ActiveCfg = Release|Any CPU
		{281F18D4-3E3B-47CE-8078-35F19463F0A0}.Release|Any CPU.Build.0 = Release|Any CPU
	EndGlobalSection
	GlobalSection(SolutionProperties) = preSolution
		HideSolutionNode = FALSE
	EndGlobalSection
	GlobalSection(NestedProjects) = preSolution
		{CF82CD45-60F6-4BFF-A4CF-F040B560F2EE} = {A320810C-19DC-4913-A68C-193E843A1C4D}
		{2AD4E5CB-4E18-467C-A8BE-AE7F1085A38F} = {A320810C-19DC-4913-A68C-193E843A1C4D}
		{356B8620-368D-42B2-B680-C297B9664500} = {A320810C-19DC-4913-A68C-193E843A1C4D}
		{7FB0DE97-480B-45E0-ADD0-69D1676F7127} = {A320810C-19DC-4913-A68C-193E843A1C4D}
		{0953D0FE-A315-4B8F-A151-048434A1A26D} = {A320810C-19DC-4913-A68C-193E843A1C4D}
		{DBD12C9D-40CF-4D39-BF87-07FFE371B669} = {A320810C-19DC-4913-A68C-193E843A1C4D}
		{C7DABF08-0616-491D-B9D5-3D8B6E703828} = {A320810C-19DC-4913-A68C-193E843A1C4D}
		{C04C2E24-BDC2-41A8-96A5-D422C4C8C350} = {A320810C-19DC-4913-A68C-193E843A1C4D}
		{F6AED705-9037-49D8-8561-ED8D465D61C8} = {A320810C-19DC-4913-A68C-193E843A1C4D}
		{32BF2710-DF09-4C79-A22F-46D2E05DEF66} = {8D4F6D76-2A8C-4F5C-B40B-36C42A44F826}
		{973D8DB6-E8AC-4EB7-929A-92ED0522B4A7} = {8D4F6D76-2A8C-4F5C-B40B-36C42A44F826}
		{0FBE02BF-58DE-4C47-B77A-CB15D3786F24} = {8D4F6D76-2A8C-4F5C-B40B-36C42A44F826}
		{47AEEBE1-4832-42A7-A915-4FD4F35ED4F5} = {8D4F6D76-2A8C-4F5C-B40B-36C42A44F826}
		{752BEA82-DB87-409F-8C56-2FF859F6C078} = {8D4F6D76-2A8C-4F5C-B40B-36C42A44F826}
		{6D97BD28-C8B7-414D-8664-910D655400F9} = {8D4F6D76-2A8C-4F5C-B40B-36C42A44F826}
		{BC70289C-B06C-4208-8EC7-9E4659D10E27} = {8D4F6D76-2A8C-4F5C-B40B-36C42A44F826}
		{9F9F2A5D-A737-4C82-A431-6231B1AE4CA0} = {8D4F6D76-2A8C-4F5C-B40B-36C42A44F826}
		{3D162598-E68A-4360-A8B4-57236A2B3F86} = {8D4F6D76-2A8C-4F5C-B40B-36C42A44F826}
		{281F18D4-3E3B-47CE-8078-35F19463F0A0} = {8D4F6D76-2A8C-4F5C-B40B-36C42A44F826}
	EndGlobalSection
	GlobalSection(ExtensibilityGlobals) = postSolution
		SolutionGuid = {BB665D64-D641-49C5-96D1-BE81E7118815}
	EndGlobalSection
EndGlobal
