
Microsoft Visual Studio Solution File, Format Version 12.00
# Visual Studio Version 17
VisualStudioVersion = 17.5.002.0
MinimumVisualStudioVersion = 10.0.40219.1
Project("{2150E333-8FDC-42A3-9474-1A3956D46DE8}") = "csharp-hello_world", "csharp-hello_world", "{A320810C-19DC-4913-A68C-193E843A1C4D}"
EndProject
Project("{9A19103F-16F7-4668-BE54-9A1E7A4F7556}") = "0-new_project", "csharp-hello_world\0-new_project\0-new_project.csproj", "{CF82CD45-60F6-4BFF-A4CF-F040B560F2EE}"
EndProject
Project("{FAE04EC0-301F-11D3-BF4B-00C04F79EFBC}") = "4-print_integer", "csharp-hello_world\4-print_integer\4-print_integer.csproj", "{2AD4E5CB-4E18-467C-A8BE-AE7F1085A38F}"
EndProject
Project("{FAE04EC0-301F-11D3-BF4B-00C04F79EFBC}") = "5-print_float", "csharp-hello_world\5-print_float\5-print_float.csproj", "{356B8620-368D-42B2-B680-C297B9664500}"
EndProject
Project("{FAE04EC0-301F-11D3-BF4B-00C04F79EFBC}") = "6-print_string", "csharp-hello_world\6-print_string\6-print_string.csproj", "{7FB0DE97-480B-45E0-ADD0-69D1676F7127}"
EndProject
Project("{FAE04EC0-301F-11D3-BF4B-00C04F79EFBC}") = "7-concat", "csharp-hello_world\7-concat\7-concat.csproj", "{0953D0FE-A315-4B8F-A151-048434A1A26D}"
EndProject
Project("{FAE04EC0-301F-11D3-BF4B-00C04F79EFBC}") = "8-print_variable", "csharp-hello_world\8-print_variable\8-print_variable.csproj", "{DBD12C9D-40CF-4D39-BF87-07FFE371B669}"
EndProject
Project("{FAE04EC0-301F-11D3-BF4B-00C04F79EFBC}") = "9-print_specifiers", "csharp-hello_world\9-print_specifiers\9-print_specifiers.csproj", "{C7DABF08-0616-491D-B9D5-3D8B6E703828}"
EndProject
Project("{FAE04EC0-301F-11D3-BF4B-00C04F79EFBC}") = "10-copy_cut_paste", "csharp-hello_world\10-copy_cut_paste\10-copy_cut_paste.csproj", "{C04C2E24-BDC2-41A8-96A5-D422C4C8C350}"
EndProject
Project("{FAE04EC0-301F-11D3-BF4B-00C04F79EFBC}") = "11-concat_edges", "csharp-hello_world\11-concat_edges\11-concat_edges.csproj", "{F6AED705-9037-49D8-8561-ED8D465D61C8}"
EndProject
Project("{FAE04EC0-301F-11D3-BF4B-00C04F79EFBC}") = "0-positive_or_negative", "0-positive_or_negative\0-positive_or_negative.csproj", "{F4E60FE1-34E1-4B24-BC2C-A2A6D8C87A6A}"
EndProject
Project("{2150E333-8FDC-42A3-9474-1A3956D46DE8}") = "csharp-ifelse_loops_methods", "csharp-ifelse_loops_methods", "{8D4F6D76-2A8C-4F5C-B40B-36C42A44F826}"
EndProject
Project("{FAE04EC0-301F-11D3-BF4B-00C04F79EFBC}") = "0-positive_or_negative", "csharp-ifelse_loops_methods\0-positive_or_negative\0-positive_or_negative.csproj", "{32BF2710-DF09-4C79-A22F-46D2E05DEF66}"
EndProject
Project("{FAE04EC0-301F-11D3-BF4B-00C04F79EFBC}") = "1-last_digit", "csharp-ifelse_loops_methods\1-last_digit\1-last_digit.csproj", "{973D8DB6-E8AC-4EB7-929A-92ED0522B4A7}"
EndProject
Project("{FAE04EC0-301F-11D3-BF4B-00C04F79EFBC}") = "2-print_alphabet", "csharp-ifelse_loops_methods\2-print_alphabet\2-print_alphabet.csproj", "{0FBE02BF-58DE-4C47-B77A-CB15D3786F24}"
EndProject
Project("{FAE04EC0-301F-11D3-BF4B-00C04F79EFBC}") = "3-print_alphabt", "csharp-ifelse_loops_methods\3-print_alphabt\3-print_alphabt.csproj", "{47AEEBE1-4832-42A7-A915-4FD4F35ED4F5}"
EndProject
Project("{FAE04EC0-301F-11D3-BF4B-00C04F79EFBC}") = "4-print_hexa", "csharp-ifelse_loops_methods\4-print_hexa\4-print_hexa.csproj", "{752BEA82-DB87-409F-8C56-2FF859F6C078}"
EndProject
Project("{FAE04EC0-301F-11D3-BF4B-00C04F79EFBC}") = "5-print_comb", "csharp-ifelse_loops_methods\5-print_comb\5-print_comb.csproj", "{6D97BD28-C8B7-414D-8664-910D655400F9}"
EndProject
Project("{FAE04EC0-301F-11D3-BF4B-00C04F79EFBC}") = "6-print_comb2", "csharp-ifelse_loops_methods\6-print_comb2\6-print_comb2.csproj", "{BC70289C-B06C-4208-8EC7-9E4659D10E27}"
EndProject
Project("{FAE04EC0-301F-11D3-BF4B-00C04F79EFBC}") = "7-islower", "csharp-ifelse_loops_methods\7-islower\7-islower.csproj", "{9F9F2A5D-A737-4C82-A431-6231B1AE4CA0}"
EndProject
Project("{FAE04EC0-301F-11D3-BF4B-00C04F79EFBC}") = "8-print_last_digit", "csharp-ifelse_loops_methods\8-print_last_digit\8-print_last_digit.csproj", "{3D162598-E68A-4360-A8B4-57236A2B3F86}"
EndProject
Project("{FAE04EC0-301F-11D3-BF4B-00C04F79EFBC}") = "9-add", "csharp-ifelse_loops_methods\9-add\9-add.csproj", "{281F18D4-3E3B-47CE-8078-35F19463F0A0}"
EndProject
Project("{FAE04EC0-301F-11D3-BF4B-00C04F79EFBC}") = "10-print_line", "csharp-ifelse_loops_methods\10-print_line\10-print_line.csproj", "{D1EC1E9F-7C7B-4707-ABF0-ADB43A96C923}"
EndProject
Project("{FAE04EC0-301F-11D3-BF4B-00C04F79EFBC}") = "11-print_diagonal", "csharp-ifelse_loops_methods\11-print_diagonal\11-print_diagonal.csproj", "{CB719189-B0F4-4136-9D48-F35B08F930D4}"
EndProject
Project("{FAE04EC0-301F-11D3-BF4B-00C04F79EFBC}") = "12-fizzbuzz", "csharp-ifelse_loops_methods\12-fizzbuzz\12-fizzbuzz.csproj", "{3B81C7ED-A9BF-42D8-A416-1B7AF7AB6E3A}"
EndProject
Project("{2150E333-8FDC-42A3-9474-1A3956D46DE8}") = "csharp-arrays_lists_dictionaries", "csharp-arrays_lists_dictionaries", "{FEE04D8E-811D-4DD3-B586-0F0ED1A36718}"
EndProject
Project("{FAE04EC0-301F-11D3-BF4B-00C04F79EFBC}") = "0-print_array", "csharp-arrays_lists_dictionaries\0-print_array\0-print_array.csproj", "{54362A8D-74DB-412B-97C7-9D0BA7D7477C}"
EndProject
Project("{FAE04EC0-301F-11D3-BF4B-00C04F79EFBC}") = "1-element", "csharp-arrays_lists_dictionaries\1-element\1-element.csproj", "{0709308F-C1A3-4789-927E-D7B72B7DFCCE}"
EndProject
Project("{FAE04EC0-301F-11D3-BF4B-00C04F79EFBC}") = "2-replace_element", "csharp-arrays_lists_dictionaries\2-replace_element\2-replace_element.csproj", "{E165D534-D3E3-4A77-A79A-17FEBC8FFBE1}"
EndProject
Project("{FAE04EC0-301F-11D3-BF4B-00C04F79EFBC}") = "3-print_array_reverse", "csharp-arrays_lists_dictionaries\3-print_array_reverse\3-print_array_reverse.csproj", "{0B4AE2EE-7DD5-4B25-9B72-51D06849FB9B}"
EndProject
Project("{FAE04EC0-301F-11D3-BF4B-00C04F79EFBC}") = "4-print_list", "csharp-arrays_lists_dictionaries\4-print_list\4-print_list.csproj", "{8F30EC9E-075F-41E2-B7BE-CB5B4DB25CF5}"
EndProject
Project("{FAE04EC0-301F-11D3-BF4B-00C04F79EFBC}") = "5-max_integer", "csharp-arrays_lists_dictionaries\5-max_integer\5-max_integer.csproj", "{6D66E834-217A-4227-BAC5-88BBB228F432}"
EndProject
Project("{FAE04EC0-301F-11D3-BF4B-00C04F79EFBC}") = "6-divisible_by_2", "csharp-arrays_lists_dictionaries\6-divisible_by_2\6-divisible_by_2.csproj", "{2DAECFA1-9D5F-46EF-8A67-EA1FB9756E88}"
EndProject
Project("{FAE04EC0-301F-11D3-BF4B-00C04F79EFBC}") = "7-delete_at", "csharp-arrays_lists_dictionaries\7-delete_at\7-delete_at.csproj", "{8AF61671-0D0E-41AD-8FDD-2EB9D3FCCEE2}"
EndProject
Project("{FAE04EC0-301F-11D3-BF4B-00C04F79EFBC}") = "8-number_keys", "csharp-arrays_lists_dictionaries\8-number_keys\8-number_keys.csproj", "{EFE92A29-70AD-405F-895B-C99F59F06000}"
EndProject
Project("{FAE04EC0-301F-11D3-BF4B-00C04F79EFBC}") = "9-add_key_value", "csharp-arrays_lists_dictionaries\9-add_key_value\9-add_key_value.csproj", "{A2782B48-66D3-4A6A-B5AB-6496A1A3FF7F}"
EndProject
Project("{FAE04EC0-301F-11D3-BF4B-00C04F79EFBC}") = "10-delete_key_value", "csharp-arrays_lists_dictionaries\10-delete_key_value\10-delete_key_value.csproj", "{64FE7124-7C1C-47FA-B627-6E50C4AE4D72}"
EndProject
Project("{FAE04EC0-301F-11D3-BF4B-00C04F79EFBC}") = "11-multiply_by_2", "csharp-arrays_lists_dictionaries\11-multiply_by_2\11-multiply_by_2.csproj", "{BD12CDA4-DF8F-47F4-B104-1DE07E7DB4D1}"
EndProject
Project("{FAE04EC0-301F-11D3-BF4B-00C04F79EFBC}") = "12-print_sorted_dictionary", "csharp-arrays_lists_dictionaries\12-print_sorted_dictionary\12-print_sorted_dictionary.csproj", "{0C5F22B9-FDC2-4001-8494-040E91DB763E}"
EndProject
Project("{FAE04EC0-301F-11D3-BF4B-00C04F79EFBC}") = "13-best_score", "csharp-arrays_lists_dictionaries\13-best_score\13-best_score.csproj", "{E507EDF4-E9BD-40B7-8096-1B459EDC515B}"
EndProject
Project("{FAE04EC0-301F-11D3-BF4B-00C04F79EFBC}") = "14-rectangular_array", "csharp-arrays_lists_dictionaries\14-rectangular_array\14-rectangular_array.csproj", "{1EA9E42C-1067-4063-9EF7-7A188EE3E547}"
EndProject
Project("{FAE04EC0-301F-11D3-BF4B-00C04F79EFBC}") = "15-square_matrix", "csharp-arrays_lists_dictionaries\15-square_matrix\15-square_matrix.csproj", "{CDA4FBEB-7F9F-4EA1-8DF6-96832C20CA9A}"
EndProject
Project("{2150E333-8FDC-42A3-9474-1A3956D46DE8}") = "csharp-hashset_stack_queue_linkedlist", "csharp-hashset_stack_queue_linkedlist", "{ADEF133A-E93A-4B7E-A3F3-8A41540BDBD8}"
EndProject
Project("{FAE04EC0-301F-11D3-BF4B-00C04F79EFBC}") = "0-unique_add", "csharp-hashset_stack_queue_linkedlist\0-unique_add\0-unique_add.csproj", "{645D0978-C37D-4B23-9168-9F81BD590DD5}"
EndProject
Project("{FAE04EC0-301F-11D3-BF4B-00C04F79EFBC}") = "1-common_elements", "csharp-hashset_stack_queue_linkedlist\1-common_elements\1-common_elements.csproj", "{1A5A5ABB-D207-49EF-8A9A-E0AA9FE37016}"
EndProject
Project("{FAE04EC0-301F-11D3-BF4B-00C04F79EFBC}") = "2-different_elements", "csharp-hashset_stack_queue_linkedlist\2-different_elements\2-different_elements.csproj", "{65246A4C-F544-4DA3-B257-E9583221AB4D}"
EndProject
Project("{FAE04EC0-301F-11D3-BF4B-00C04F79EFBC}") = "3-stack_push_pop", "csharp-hashset_stack_queue_linkedlist\3-stack_push_pop\3-stack_push_pop.csproj", "{249D6A6C-DC55-40CB-8973-4D3496AFF145}"
EndProject
Project("{FAE04EC0-301F-11D3-BF4B-00C04F79EFBC}") = "4-queue_enqueue_dequeue", "csharp-hashset_stack_queue_linkedlist\4-queue_enqueue_dequeue\4-queue_enqueue_dequeue.csproj", "{7E756B7C-156F-4A85-940C-74D595BC1A4F}"
EndProject
Project("{FAE04EC0-301F-11D3-BF4B-00C04F79EFBC}") = "5-print_linkedlist", "csharp-hashset_stack_queue_linkedlist\5-print_linkedlist\5-print_linkedlist.csproj", "{A7D4ADEC-1853-41CE-9454-7FEFE041657B}"
EndProject
Project("{FAE04EC0-301F-11D3-BF4B-00C04F79EFBC}") = "6-linkedlist_length", "csharp-hashset_stack_queue_linkedlist\6-linkedlist_length\6-linkedlist_length.csproj", "{59795230-2C77-4A05-95CB-F199139F7E88}"
EndProject
Project("{FAE04EC0-301F-11D3-BF4B-00C04F79EFBC}") = "7-linkedlist_add", "csharp-hashset_stack_queue_linkedlist\7-linkedlist_add\7-linkedlist_add.csproj", "{B99442A5-8751-417D-B45C-845C111E733A}"
EndProject
Project("{FAE04EC0-301F-11D3-BF4B-00C04F79EFBC}") = "8-linkedlist_find", "csharp-hashset_stack_queue_linkedlist\8-linkedlist_find\8-linkedlist_find.csproj", "{FE09531C-B7EE-4F0B-867B-8F0B4F6B905A}"
EndProject
Project("{FAE04EC0-301F-11D3-BF4B-00C04F79EFBC}") = "9-linkedlist_pop", "csharp-hashset_stack_queue_linkedlist\9-linkedlist_pop\9-linkedlist_pop.csproj", "{3A7B6EF8-5E14-44A0-9AF3-50C258A03B50}"
EndProject
Project("{FAE04EC0-301F-11D3-BF4B-00C04F79EFBC}") = "10-linkedlist_get_node", "csharp-hashset_stack_queue_linkedlist\10-linkedlist_get_node\10-linkedlist_get_node.csproj", "{ED29C86C-6FCD-4783-96E2-E4F7EBBB54C5}"
EndProject
Project("{FAE04EC0-301F-11D3-BF4B-00C04F79EFBC}") = "11-linkedlist_sum", "csharp-hashset_stack_queue_linkedlist\11-linkedlist_sum\11-linkedlist_sum.csproj", "{C9F6461D-9995-4870-AE73-5C1DE6DE868E}"
EndProject
Project("{FAE04EC0-301F-11D3-BF4B-00C04F79EFBC}") = "12-linkedlist_insert", "csharp-hashset_stack_queue_linkedlist\12-linkedlist_insert\12-linkedlist_insert.csproj", "{C92E67CC-9646-4249-B5D8-69C63EC69197}"
EndProject
Global
	GlobalSection(SolutionConfigurationPlatforms) = preSolution
		Debug|Any CPU = Debug|Any CPU
		Release|Any CPU = Release|Any CPU
	EndGlobalSection
	GlobalSection(ProjectConfigurationPlatforms) = postSolution
		{CF82CD45-60F6-4BFF-A4CF-F040B560F2EE}.Debug|Any CPU.ActiveCfg = Debug|Any CPU
		{CF82CD45-60F6-4BFF-A4CF-F040B560F2EE}.Debug|Any CPU.Build.0 = Debug|Any CPU
		{CF82CD45-60F6-4BFF-A4CF-F040B560F2EE}.Release|Any CPU.ActiveCfg = Release|Any CPU
		{CF82CD45-60F6-4BFF-A4CF-F040B560F2EE}.Release|Any CPU.Build.0 = Release|Any CPU
		{2AD4E5CB-4E18-467C-A8BE-AE7F1085A38F}.Debug|Any CPU.ActiveCfg = Debug|Any CPU
		{2AD4E5CB-4E18-467C-A8BE-AE7F1085A38F}.Debug|Any CPU.Build.0 = Debug|Any CPU
		{2AD4E5CB-4E18-467C-A8BE-AE7F1085A38F}.Release|Any CPU.ActiveCfg = Release|Any CPU
		{2AD4E5CB-4E18-467C-A8BE-AE7F1085A38F}.Release|Any CPU.Build.0 = Release|Any CPU
		{356B8620-368D-42B2-B680-C297B9664500}.Debug|Any CPU.ActiveCfg = Debug|Any CPU
		{356B8620-368D-42B2-B680-C297B9664500}.Debug|Any CPU.Build.0 = Debug|Any CPU
		{356B8620-368D-42B2-B680-C297B9664500}.Release|Any CPU.ActiveCfg = Release|Any CPU
		{356B8620-368D-42B2-B680-C297B9664500}.Release|Any CPU.Build.0 = Release|Any CPU
		{7FB0DE97-480B-45E0-ADD0-69D1676F7127}.Debug|Any CPU.ActiveCfg = Debug|Any CPU
		{7FB0DE97-480B-45E0-ADD0-69D1676F7127}.Debug|Any CPU.Build.0 = Debug|Any CPU
		{7FB0DE97-480B-45E0-ADD0-69D1676F7127}.Release|Any CPU.ActiveCfg = Release|Any CPU
		{7FB0DE97-480B-45E0-ADD0-69D1676F7127}.Release|Any CPU.Build.0 = Release|Any CPU
		{0953D0FE-A315-4B8F-A151-048434A1A26D}.Debug|Any CPU.ActiveCfg = Debug|Any CPU
		{0953D0FE-A315-4B8F-A151-048434A1A26D}.Debug|Any CPU.Build.0 = Debug|Any CPU
		{0953D0FE-A315-4B8F-A151-048434A1A26D}.Release|Any CPU.ActiveCfg = Release|Any CPU
		{0953D0FE-A315-4B8F-A151-048434A1A26D}.Release|Any CPU.Build.0 = Release|Any CPU
		{DBD12C9D-40CF-4D39-BF87-07FFE371B669}.Debug|Any CPU.ActiveCfg = Debug|Any CPU
		{DBD12C9D-40CF-4D39-BF87-07FFE371B669}.Debug|Any CPU.Build.0 = Debug|Any CPU
		{DBD12C9D-40CF-4D39-BF87-07FFE371B669}.Release|Any CPU.ActiveCfg = Release|Any CPU
		{DBD12C9D-40CF-4D39-BF87-07FFE371B669}.Release|Any CPU.Build.0 = Release|Any CPU
		{C7DABF08-0616-491D-B9D5-3D8B6E703828}.Debug|Any CPU.ActiveCfg = Debug|Any CPU
		{C7DABF08-0616-491D-B9D5-3D8B6E703828}.Debug|Any CPU.Build.0 = Debug|Any CPU
		{C7DABF08-0616-491D-B9D5-3D8B6E703828}.Release|Any CPU.ActiveCfg = Release|Any CPU
		{C7DABF08-0616-491D-B9D5-3D8B6E703828}.Release|Any CPU.Build.0 = Release|Any CPU
		{C04C2E24-BDC2-41A8-96A5-D422C4C8C350}.Debug|Any CPU.ActiveCfg = Debug|Any CPU
		{C04C2E24-BDC2-41A8-96A5-D422C4C8C350}.Debug|Any CPU.Build.0 = Debug|Any CPU
		{C04C2E24-BDC2-41A8-96A5-D422C4C8C350}.Release|Any CPU.ActiveCfg = Release|Any CPU
		{C04C2E24-BDC2-41A8-96A5-D422C4C8C350}.Release|Any CPU.Build.0 = Release|Any CPU
		{F6AED705-9037-49D8-8561-ED8D465D61C8}.Debug|Any CPU.ActiveCfg = Debug|Any CPU
		{F6AED705-9037-49D8-8561-ED8D465D61C8}.Debug|Any CPU.Build.0 = Debug|Any CPU
		{F6AED705-9037-49D8-8561-ED8D465D61C8}.Release|Any CPU.ActiveCfg = Release|Any CPU
		{F6AED705-9037-49D8-8561-ED8D465D61C8}.Release|Any CPU.Build.0 = Release|Any CPU
		{F4E60FE1-34E1-4B24-BC2C-A2A6D8C87A6A}.Debug|Any CPU.ActiveCfg = Debug|Any CPU
		{F4E60FE1-34E1-4B24-BC2C-A2A6D8C87A6A}.Debug|Any CPU.Build.0 = Debug|Any CPU
		{F4E60FE1-34E1-4B24-BC2C-A2A6D8C87A6A}.Release|Any CPU.ActiveCfg = Release|Any CPU
		{F4E60FE1-34E1-4B24-BC2C-A2A6D8C87A6A}.Release|Any CPU.Build.0 = Release|Any CPU
		{32BF2710-DF09-4C79-A22F-46D2E05DEF66}.Debug|Any CPU.ActiveCfg = Debug|Any CPU
		{32BF2710-DF09-4C79-A22F-46D2E05DEF66}.Debug|Any CPU.Build.0 = Debug|Any CPU
		{32BF2710-DF09-4C79-A22F-46D2E05DEF66}.Release|Any CPU.ActiveCfg = Release|Any CPU
		{32BF2710-DF09-4C79-A22F-46D2E05DEF66}.Release|Any CPU.Build.0 = Release|Any CPU
		{973D8DB6-E8AC-4EB7-929A-92ED0522B4A7}.Debug|Any CPU.ActiveCfg = Debug|Any CPU
		{973D8DB6-E8AC-4EB7-929A-92ED0522B4A7}.Debug|Any CPU.Build.0 = Debug|Any CPU
		{973D8DB6-E8AC-4EB7-929A-92ED0522B4A7}.Release|Any CPU.ActiveCfg = Release|Any CPU
		{973D8DB6-E8AC-4EB7-929A-92ED0522B4A7}.Release|Any CPU.Build.0 = Release|Any CPU
		{0FBE02BF-58DE-4C47-B77A-CB15D3786F24}.Debug|Any CPU.ActiveCfg = Debug|Any CPU
		{0FBE02BF-58DE-4C47-B77A-CB15D3786F24}.Debug|Any CPU.Build.0 = Debug|Any CPU
		{0FBE02BF-58DE-4C47-B77A-CB15D3786F24}.Release|Any CPU.ActiveCfg = Release|Any CPU
		{0FBE02BF-58DE-4C47-B77A-CB15D3786F24}.Release|Any CPU.Build.0 = Release|Any CPU
		{47AEEBE1-4832-42A7-A915-4FD4F35ED4F5}.Debug|Any CPU.ActiveCfg = Debug|Any CPU
		{47AEEBE1-4832-42A7-A915-4FD4F35ED4F5}.Debug|Any CPU.Build.0 = Debug|Any CPU
		{47AEEBE1-4832-42A7-A915-4FD4F35ED4F5}.Release|Any CPU.ActiveCfg = Release|Any CPU
		{47AEEBE1-4832-42A7-A915-4FD4F35ED4F5}.Release|Any CPU.Build.0 = Release|Any CPU
		{752BEA82-DB87-409F-8C56-2FF859F6C078}.Debug|Any CPU.ActiveCfg = Debug|Any CPU
		{752BEA82-DB87-409F-8C56-2FF859F6C078}.Debug|Any CPU.Build.0 = Debug|Any CPU
		{752BEA82-DB87-409F-8C56-2FF859F6C078}.Release|Any CPU.ActiveCfg = Release|Any CPU
		{752BEA82-DB87-409F-8C56-2FF859F6C078}.Release|Any CPU.Build.0 = Release|Any CPU
		{6D97BD28-C8B7-414D-8664-910D655400F9}.Debug|Any CPU.ActiveCfg = Debug|Any CPU
		{6D97BD28-C8B7-414D-8664-910D655400F9}.Debug|Any CPU.Build.0 = Debug|Any CPU
		{6D97BD28-C8B7-414D-8664-910D655400F9}.Release|Any CPU.ActiveCfg = Release|Any CPU
		{6D97BD28-C8B7-414D-8664-910D655400F9}.Release|Any CPU.Build.0 = Release|Any CPU
		{BC70289C-B06C-4208-8EC7-9E4659D10E27}.Debug|Any CPU.ActiveCfg = Debug|Any CPU
		{BC70289C-B06C-4208-8EC7-9E4659D10E27}.Debug|Any CPU.Build.0 = Debug|Any CPU
		{BC70289C-B06C-4208-8EC7-9E4659D10E27}.Release|Any CPU.ActiveCfg = Release|Any CPU
		{BC70289C-B06C-4208-8EC7-9E4659D10E27}.Release|Any CPU.Build.0 = Release|Any CPU
		{9F9F2A5D-A737-4C82-A431-6231B1AE4CA0}.Debug|Any CPU.ActiveCfg = Debug|Any CPU
		{9F9F2A5D-A737-4C82-A431-6231B1AE4CA0}.Debug|Any CPU.Build.0 = Debug|Any CPU
		{9F9F2A5D-A737-4C82-A431-6231B1AE4CA0}.Release|Any CPU.ActiveCfg = Release|Any CPU
		{9F9F2A5D-A737-4C82-A431-6231B1AE4CA0}.Release|Any CPU.Build.0 = Release|Any CPU
		{3D162598-E68A-4360-A8B4-57236A2B3F86}.Debug|Any CPU.ActiveCfg = Debug|Any CPU
		{3D162598-E68A-4360-A8B4-57236A2B3F86}.Debug|Any CPU.Build.0 = Debug|Any CPU
		{3D162598-E68A-4360-A8B4-57236A2B3F86}.Release|Any CPU.ActiveCfg = Release|Any CPU
		{3D162598-E68A-4360-A8B4-57236A2B3F86}.Release|Any CPU.Build.0 = Release|Any CPU
		{281F18D4-3E3B-47CE-8078-35F19463F0A0}.Debug|Any CPU.ActiveCfg = Debug|Any CPU
		{281F18D4-3E3B-47CE-8078-35F19463F0A0}.Debug|Any CPU.Build.0 = Debug|Any CPU
		{281F18D4-3E3B-47CE-8078-35F19463F0A0}.Release|Any CPU.ActiveCfg = Release|Any CPU
		{281F18D4-3E3B-47CE-8078-35F19463F0A0}.Release|Any CPU.Build.0 = Release|Any CPU
		{D1EC1E9F-7C7B-4707-ABF0-ADB43A96C923}.Debug|Any CPU.ActiveCfg = Debug|Any CPU
		{D1EC1E9F-7C7B-4707-ABF0-ADB43A96C923}.Debug|Any CPU.Build.0 = Debug|Any CPU
		{D1EC1E9F-7C7B-4707-ABF0-ADB43A96C923}.Release|Any CPU.ActiveCfg = Release|Any CPU
		{D1EC1E9F-7C7B-4707-ABF0-ADB43A96C923}.Release|Any CPU.Build.0 = Release|Any CPU
		{CB719189-B0F4-4136-9D48-F35B08F930D4}.Debug|Any CPU.ActiveCfg = Debug|Any CPU
		{CB719189-B0F4-4136-9D48-F35B08F930D4}.Debug|Any CPU.Build.0 = Debug|Any CPU
		{CB719189-B0F4-4136-9D48-F35B08F930D4}.Release|Any CPU.ActiveCfg = Release|Any CPU
		{CB719189-B0F4-4136-9D48-F35B08F930D4}.Release|Any CPU.Build.0 = Release|Any CPU
		{3B81C7ED-A9BF-42D8-A416-1B7AF7AB6E3A}.Debug|Any CPU.ActiveCfg = Debug|Any CPU
		{3B81C7ED-A9BF-42D8-A416-1B7AF7AB6E3A}.Debug|Any CPU.Build.0 = Debug|Any CPU
		{3B81C7ED-A9BF-42D8-A416-1B7AF7AB6E3A}.Release|Any CPU.ActiveCfg = Release|Any CPU
		{3B81C7ED-A9BF-42D8-A416-1B7AF7AB6E3A}.Release|Any CPU.Build.0 = Release|Any CPU
		{54362A8D-74DB-412B-97C7-9D0BA7D7477C}.Debug|Any CPU.ActiveCfg = Debug|Any CPU
		{54362A8D-74DB-412B-97C7-9D0BA7D7477C}.Debug|Any CPU.Build.0 = Debug|Any CPU
		{54362A8D-74DB-412B-97C7-9D0BA7D7477C}.Release|Any CPU.ActiveCfg = Release|Any CPU
		{54362A8D-74DB-412B-97C7-9D0BA7D7477C}.Release|Any CPU.Build.0 = Release|Any CPU
		{0709308F-C1A3-4789-927E-D7B72B7DFCCE}.Debug|Any CPU.ActiveCfg = Debug|Any CPU
		{0709308F-C1A3-4789-927E-D7B72B7DFCCE}.Debug|Any CPU.Build.0 = Debug|Any CPU
		{0709308F-C1A3-4789-927E-D7B72B7DFCCE}.Release|Any CPU.ActiveCfg = Release|Any CPU
		{0709308F-C1A3-4789-927E-D7B72B7DFCCE}.Release|Any CPU.Build.0 = Release|Any CPU
		{E165D534-D3E3-4A77-A79A-17FEBC8FFBE1}.Debug|Any CPU.ActiveCfg = Debug|Any CPU
		{E165D534-D3E3-4A77-A79A-17FEBC8FFBE1}.Debug|Any CPU.Build.0 = Debug|Any CPU
		{E165D534-D3E3-4A77-A79A-17FEBC8FFBE1}.Release|Any CPU.ActiveCfg = Release|Any CPU
		{E165D534-D3E3-4A77-A79A-17FEBC8FFBE1}.Release|Any CPU.Build.0 = Release|Any CPU
		{0B4AE2EE-7DD5-4B25-9B72-51D06849FB9B}.Debug|Any CPU.ActiveCfg = Debug|Any CPU
		{0B4AE2EE-7DD5-4B25-9B72-51D06849FB9B}.Debug|Any CPU.Build.0 = Debug|Any CPU
		{0B4AE2EE-7DD5-4B25-9B72-51D06849FB9B}.Release|Any CPU.ActiveCfg = Release|Any CPU
		{0B4AE2EE-7DD5-4B25-9B72-51D06849FB9B}.Release|Any CPU.Build.0 = Release|Any CPU
		{8F30EC9E-075F-41E2-B7BE-CB5B4DB25CF5}.Debug|Any CPU.ActiveCfg = Debug|Any CPU
		{8F30EC9E-075F-41E2-B7BE-CB5B4DB25CF5}.Debug|Any CPU.Build.0 = Debug|Any CPU
		{8F30EC9E-075F-41E2-B7BE-CB5B4DB25CF5}.Release|Any CPU.ActiveCfg = Release|Any CPU
		{8F30EC9E-075F-41E2-B7BE-CB5B4DB25CF5}.Release|Any CPU.Build.0 = Release|Any CPU
		{6D66E834-217A-4227-BAC5-88BBB228F432}.Debug|Any CPU.ActiveCfg = Debug|Any CPU
		{6D66E834-217A-4227-BAC5-88BBB228F432}.Debug|Any CPU.Build.0 = Debug|Any CPU
		{6D66E834-217A-4227-BAC5-88BBB228F432}.Release|Any CPU.ActiveCfg = Release|Any CPU
		{6D66E834-217A-4227-BAC5-88BBB228F432}.Release|Any CPU.Build.0 = Release|Any CPU
		{2DAECFA1-9D5F-46EF-8A67-EA1FB9756E88}.Debug|Any CPU.ActiveCfg = Debug|Any CPU
		{2DAECFA1-9D5F-46EF-8A67-EA1FB9756E88}.Debug|Any CPU.Build.0 = Debug|Any CPU
		{2DAECFA1-9D5F-46EF-8A67-EA1FB9756E88}.Release|Any CPU.ActiveCfg = Release|Any CPU
		{2DAECFA1-9D5F-46EF-8A67-EA1FB9756E88}.Release|Any CPU.Build.0 = Release|Any CPU
		{8AF61671-0D0E-41AD-8FDD-2EB9D3FCCEE2}.Debug|Any CPU.ActiveCfg = Debug|Any CPU
		{8AF61671-0D0E-41AD-8FDD-2EB9D3FCCEE2}.Debug|Any CPU.Build.0 = Debug|Any CPU
		{8AF61671-0D0E-41AD-8FDD-2EB9D3FCCEE2}.Release|Any CPU.ActiveCfg = Release|Any CPU
		{8AF61671-0D0E-41AD-8FDD-2EB9D3FCCEE2}.Release|Any CPU.Build.0 = Release|Any CPU
		{EFE92A29-70AD-405F-895B-C99F59F06000}.Debug|Any CPU.ActiveCfg = Debug|Any CPU
		{EFE92A29-70AD-405F-895B-C99F59F06000}.Debug|Any CPU.Build.0 = Debug|Any CPU
		{EFE92A29-70AD-405F-895B-C99F59F06000}.Release|Any CPU.ActiveCfg = Release|Any CPU
		{EFE92A29-70AD-405F-895B-C99F59F06000}.Release|Any CPU.Build.0 = Release|Any CPU
		{A2782B48-66D3-4A6A-B5AB-6496A1A3FF7F}.Debug|Any CPU.ActiveCfg = Debug|Any CPU
		{A2782B48-66D3-4A6A-B5AB-6496A1A3FF7F}.Debug|Any CPU.Build.0 = Debug|Any CPU
		{A2782B48-66D3-4A6A-B5AB-6496A1A3FF7F}.Release|Any CPU.ActiveCfg = Release|Any CPU
		{A2782B48-66D3-4A6A-B5AB-6496A1A3FF7F}.Release|Any CPU.Build.0 = Release|Any CPU
		{64FE7124-7C1C-47FA-B627-6E50C4AE4D72}.Debug|Any CPU.ActiveCfg = Debug|Any CPU
		{64FE7124-7C1C-47FA-B627-6E50C4AE4D72}.Debug|Any CPU.Build.0 = Debug|Any CPU
		{64FE7124-7C1C-47FA-B627-6E50C4AE4D72}.Release|Any CPU.ActiveCfg = Release|Any CPU
		{64FE7124-7C1C-47FA-B627-6E50C4AE4D72}.Release|Any CPU.Build.0 = Release|Any CPU
		{BD12CDA4-DF8F-47F4-B104-1DE07E7DB4D1}.Debug|Any CPU.ActiveCfg = Debug|Any CPU
		{BD12CDA4-DF8F-47F4-B104-1DE07E7DB4D1}.Debug|Any CPU.Build.0 = Debug|Any CPU
		{BD12CDA4-DF8F-47F4-B104-1DE07E7DB4D1}.Release|Any CPU.ActiveCfg = Release|Any CPU
		{BD12CDA4-DF8F-47F4-B104-1DE07E7DB4D1}.Release|Any CPU.Build.0 = Release|Any CPU
		{0C5F22B9-FDC2-4001-8494-040E91DB763E}.Debug|Any CPU.ActiveCfg = Debug|Any CPU
		{0C5F22B9-FDC2-4001-8494-040E91DB763E}.Debug|Any CPU.Build.0 = Debug|Any CPU
		{0C5F22B9-FDC2-4001-8494-040E91DB763E}.Release|Any CPU.ActiveCfg = Release|Any CPU
		{0C5F22B9-FDC2-4001-8494-040E91DB763E}.Release|Any CPU.Build.0 = Release|Any CPU
		{E507EDF4-E9BD-40B7-8096-1B459EDC515B}.Debug|Any CPU.ActiveCfg = Debug|Any CPU
		{E507EDF4-E9BD-40B7-8096-1B459EDC515B}.Debug|Any CPU.Build.0 = Debug|Any CPU
		{E507EDF4-E9BD-40B7-8096-1B459EDC515B}.Release|Any CPU.ActiveCfg = Release|Any CPU
		{E507EDF4-E9BD-40B7-8096-1B459EDC515B}.Release|Any CPU.Build.0 = Release|Any CPU
		{1EA9E42C-1067-4063-9EF7-7A188EE3E547}.Debug|Any CPU.ActiveCfg = Debug|Any CPU
		{1EA9E42C-1067-4063-9EF7-7A188EE3E547}.Debug|Any CPU.Build.0 = Debug|Any CPU
		{1EA9E42C-1067-4063-9EF7-7A188EE3E547}.Release|Any CPU.ActiveCfg = Release|Any CPU
		{1EA9E42C-1067-4063-9EF7-7A188EE3E547}.Release|Any CPU.Build.0 = Release|Any CPU
		{CDA4FBEB-7F9F-4EA1-8DF6-96832C20CA9A}.Debug|Any CPU.ActiveCfg = Debug|Any CPU
		{CDA4FBEB-7F9F-4EA1-8DF6-96832C20CA9A}.Debug|Any CPU.Build.0 = Debug|Any CPU
		{CDA4FBEB-7F9F-4EA1-8DF6-96832C20CA9A}.Release|Any CPU.ActiveCfg = Release|Any CPU
		{CDA4FBEB-7F9F-4EA1-8DF6-96832C20CA9A}.Release|Any CPU.Build.0 = Release|Any CPU
		{645D0978-C37D-4B23-9168-9F81BD590DD5}.Debug|Any CPU.ActiveCfg = Debug|Any CPU
		{645D0978-C37D-4B23-9168-9F81BD590DD5}.Debug|Any CPU.Build.0 = Debug|Any CPU
		{645D0978-C37D-4B23-9168-9F81BD590DD5}.Release|Any CPU.ActiveCfg = Release|Any CPU
		{645D0978-C37D-4B23-9168-9F81BD590DD5}.Release|Any CPU.Build.0 = Release|Any CPU
		{1A5A5ABB-D207-49EF-8A9A-E0AA9FE37016}.Debug|Any CPU.ActiveCfg = Debug|Any CPU
		{1A5A5ABB-D207-49EF-8A9A-E0AA9FE37016}.Debug|Any CPU.Build.0 = Debug|Any CPU
		{1A5A5ABB-D207-49EF-8A9A-E0AA9FE37016}.Release|Any CPU.ActiveCfg = Release|Any CPU
		{1A5A5ABB-D207-49EF-8A9A-E0AA9FE37016}.Release|Any CPU.Build.0 = Release|Any CPU
		{65246A4C-F544-4DA3-B257-E9583221AB4D}.Debug|Any CPU.ActiveCfg = Debug|Any CPU
		{65246A4C-F544-4DA3-B257-E9583221AB4D}.Debug|Any CPU.Build.0 = Debug|Any CPU
		{65246A4C-F544-4DA3-B257-E9583221AB4D}.Release|Any CPU.ActiveCfg = Release|Any CPU
		{65246A4C-F544-4DA3-B257-E9583221AB4D}.Release|Any CPU.Build.0 = Release|Any CPU
		{249D6A6C-DC55-40CB-8973-4D3496AFF145}.Debug|Any CPU.ActiveCfg = Debug|Any CPU
		{249D6A6C-DC55-40CB-8973-4D3496AFF145}.Debug|Any CPU.Build.0 = Debug|Any CPU
		{249D6A6C-DC55-40CB-8973-4D3496AFF145}.Release|Any CPU.ActiveCfg = Release|Any CPU
		{249D6A6C-DC55-40CB-8973-4D3496AFF145}.Release|Any CPU.Build.0 = Release|Any CPU
		{7E756B7C-156F-4A85-940C-74D595BC1A4F}.Debug|Any CPU.ActiveCfg = Debug|Any CPU
		{7E756B7C-156F-4A85-940C-74D595BC1A4F}.Debug|Any CPU.Build.0 = Debug|Any CPU
		{7E756B7C-156F-4A85-940C-74D595BC1A4F}.Release|Any CPU.ActiveCfg = Release|Any CPU
		{7E756B7C-156F-4A85-940C-74D595BC1A4F}.Release|Any CPU.Build.0 = Release|Any CPU
		{A7D4ADEC-1853-41CE-9454-7FEFE041657B}.Debug|Any CPU.ActiveCfg = Debug|Any CPU
		{A7D4ADEC-1853-41CE-9454-7FEFE041657B}.Debug|Any CPU.Build.0 = Debug|Any CPU
		{A7D4ADEC-1853-41CE-9454-7FEFE041657B}.Release|Any CPU.ActiveCfg = Release|Any CPU
		{A7D4ADEC-1853-41CE-9454-7FEFE041657B}.Release|Any CPU.Build.0 = Release|Any CPU
		{59795230-2C77-4A05-95CB-F199139F7E88}.Debug|Any CPU.ActiveCfg = Debug|Any CPU
		{59795230-2C77-4A05-95CB-F199139F7E88}.Debug|Any CPU.Build.0 = Debug|Any CPU
		{59795230-2C77-4A05-95CB-F199139F7E88}.Release|Any CPU.ActiveCfg = Release|Any CPU
		{59795230-2C77-4A05-95CB-F199139F7E88}.Release|Any CPU.Build.0 = Release|Any CPU
		{B99442A5-8751-417D-B45C-845C111E733A}.Debug|Any CPU.ActiveCfg = Debug|Any CPU
		{B99442A5-8751-417D-B45C-845C111E733A}.Debug|Any CPU.Build.0 = Debug|Any CPU
		{B99442A5-8751-417D-B45C-845C111E733A}.Release|Any CPU.ActiveCfg = Release|Any CPU
		{B99442A5-8751-417D-B45C-845C111E733A}.Release|Any CPU.Build.0 = Release|Any CPU
		{FE09531C-B7EE-4F0B-867B-8F0B4F6B905A}.Debug|Any CPU.ActiveCfg = Debug|Any CPU
		{FE09531C-B7EE-4F0B-867B-8F0B4F6B905A}.Debug|Any CPU.Build.0 = Debug|Any CPU
		{FE09531C-B7EE-4F0B-867B-8F0B4F6B905A}.Release|Any CPU.ActiveCfg = Release|Any CPU
		{FE09531C-B7EE-4F0B-867B-8F0B4F6B905A}.Release|Any CPU.Build.0 = Release|Any CPU
		{3A7B6EF8-5E14-44A0-9AF3-50C258A03B50}.Debug|Any CPU.ActiveCfg = Debug|Any CPU
		{3A7B6EF8-5E14-44A0-9AF3-50C258A03B50}.Debug|Any CPU.Build.0 = Debug|Any CPU
		{3A7B6EF8-5E14-44A0-9AF3-50C258A03B50}.Release|Any CPU.ActiveCfg = Release|Any CPU
		{3A7B6EF8-5E14-44A0-9AF3-50C258A03B50}.Release|Any CPU.Build.0 = Release|Any CPU
		{ED29C86C-6FCD-4783-96E2-E4F7EBBB54C5}.Debug|Any CPU.ActiveCfg = Debug|Any CPU
		{ED29C86C-6FCD-4783-96E2-E4F7EBBB54C5}.Debug|Any CPU.Build.0 = Debug|Any CPU
		{ED29C86C-6FCD-4783-96E2-E4F7EBBB54C5}.Release|Any CPU.ActiveCfg = Release|Any CPU
		{ED29C86C-6FCD-4783-96E2-E4F7EBBB54C5}.Release|Any CPU.Build.0 = Release|Any CPU
		{C9F6461D-9995-4870-AE73-5C1DE6DE868E}.Debug|Any CPU.ActiveCfg = Debug|Any CPU
		{C9F6461D-9995-4870-AE73-5C1DE6DE868E}.Debug|Any CPU.Build.0 = Debug|Any CPU
		{C9F6461D-9995-4870-AE73-5C1DE6DE868E}.Release|Any CPU.ActiveCfg = Release|Any CPU
		{C9F6461D-9995-4870-AE73-5C1DE6DE868E}.Release|Any CPU.Build.0 = Release|Any CPU
		{C92E67CC-9646-4249-B5D8-69C63EC69197}.Debug|Any CPU.ActiveCfg = Debug|Any CPU
		{C92E67CC-9646-4249-B5D8-69C63EC69197}.Debug|Any CPU.Build.0 = Debug|Any CPU
		{C92E67CC-9646-4249-B5D8-69C63EC69197}.Release|Any CPU.ActiveCfg = Release|Any CPU
		{C92E67CC-9646-4249-B5D8-69C63EC69197}.Release|Any CPU.Build.0 = Release|Any CPU
	EndGlobalSection
	GlobalSection(SolutionProperties) = preSolution
		HideSolutionNode = FALSE
	EndGlobalSection
	GlobalSection(NestedProjects) = preSolution
		{CF82CD45-60F6-4BFF-A4CF-F040B560F2EE} = {A320810C-19DC-4913-A68C-193E843A1C4D}
		{2AD4E5CB-4E18-467C-A8BE-AE7F1085A38F} = {A320810C-19DC-4913-A68C-193E843A1C4D}
		{356B8620-368D-42B2-B680-C297B9664500} = {A320810C-19DC-4913-A68C-193E843A1C4D}
		{7FB0DE97-480B-45E0-ADD0-69D1676F7127} = {A320810C-19DC-4913-A68C-193E843A1C4D}
		{0953D0FE-A315-4B8F-A151-048434A1A26D} = {A320810C-19DC-4913-A68C-193E843A1C4D}
		{DBD12C9D-40CF-4D39-BF87-07FFE371B669} = {A320810C-19DC-4913-A68C-193E843A1C4D}
		{C7DABF08-0616-491D-B9D5-3D8B6E703828} = {A320810C-19DC-4913-A68C-193E843A1C4D}
		{C04C2E24-BDC2-41A8-96A5-D422C4C8C350} = {A320810C-19DC-4913-A68C-193E843A1C4D}
		{F6AED705-9037-49D8-8561-ED8D465D61C8} = {A320810C-19DC-4913-A68C-193E843A1C4D}
		{32BF2710-DF09-4C79-A22F-46D2E05DEF66} = {8D4F6D76-2A8C-4F5C-B40B-36C42A44F826}
		{973D8DB6-E8AC-4EB7-929A-92ED0522B4A7} = {8D4F6D76-2A8C-4F5C-B40B-36C42A44F826}
		{0FBE02BF-58DE-4C47-B77A-CB15D3786F24} = {8D4F6D76-2A8C-4F5C-B40B-36C42A44F826}
		{47AEEBE1-4832-42A7-A915-4FD4F35ED4F5} = {8D4F6D76-2A8C-4F5C-B40B-36C42A44F826}
		{752BEA82-DB87-409F-8C56-2FF859F6C078} = {8D4F6D76-2A8C-4F5C-B40B-36C42A44F826}
		{6D97BD28-C8B7-414D-8664-910D655400F9} = {8D4F6D76-2A8C-4F5C-B40B-36C42A44F826}
		{BC70289C-B06C-4208-8EC7-9E4659D10E27} = {8D4F6D76-2A8C-4F5C-B40B-36C42A44F826}
		{9F9F2A5D-A737-4C82-A431-6231B1AE4CA0} = {8D4F6D76-2A8C-4F5C-B40B-36C42A44F826}
		{3D162598-E68A-4360-A8B4-57236A2B3F86} = {8D4F6D76-2A8C-4F5C-B40B-36C42A44F826}
		{281F18D4-3E3B-47CE-8078-35F19463F0A0} = {8D4F6D76-2A8C-4F5C-B40B-36C42A44F826}
		{D1EC1E9F-7C7B-4707-ABF0-ADB43A96C923} = {8D4F6D76-2A8C-4F5C-B40B-36C42A44F826}
		{CB719189-B0F4-4136-9D48-F35B08F930D4} = {8D4F6D76-2A8C-4F5C-B40B-36C42A44F826}
		{3B81C7ED-A9BF-42D8-A416-1B7AF7AB6E3A} = {8D4F6D76-2A8C-4F5C-B40B-36C42A44F826}
		{54362A8D-74DB-412B-97C7-9D0BA7D7477C} = {FEE04D8E-811D-4DD3-B586-0F0ED1A36718}
		{0709308F-C1A3-4789-927E-D7B72B7DFCCE} = {FEE04D8E-811D-4DD3-B586-0F0ED1A36718}
		{E165D534-D3E3-4A77-A79A-17FEBC8FFBE1} = {FEE04D8E-811D-4DD3-B586-0F0ED1A36718}
		{0B4AE2EE-7DD5-4B25-9B72-51D06849FB9B} = {FEE04D8E-811D-4DD3-B586-0F0ED1A36718}
		{8F30EC9E-075F-41E2-B7BE-CB5B4DB25CF5} = {FEE04D8E-811D-4DD3-B586-0F0ED1A36718}
		{6D66E834-217A-4227-BAC5-88BBB228F432} = {FEE04D8E-811D-4DD3-B586-0F0ED1A36718}
		{2DAECFA1-9D5F-46EF-8A67-EA1FB9756E88} = {FEE04D8E-811D-4DD3-B586-0F0ED1A36718}
		{8AF61671-0D0E-41AD-8FDD-2EB9D3FCCEE2} = {FEE04D8E-811D-4DD3-B586-0F0ED1A36718}
		{EFE92A29-70AD-405F-895B-C99F59F06000} = {FEE04D8E-811D-4DD3-B586-0F0ED1A36718}
		{A2782B48-66D3-4A6A-B5AB-6496A1A3FF7F} = {FEE04D8E-811D-4DD3-B586-0F0ED1A36718}
		{64FE7124-7C1C-47FA-B627-6E50C4AE4D72} = {FEE04D8E-811D-4DD3-B586-0F0ED1A36718}
		{BD12CDA4-DF8F-47F4-B104-1DE07E7DB4D1} = {FEE04D8E-811D-4DD3-B586-0F0ED1A36718}
		{0C5F22B9-FDC2-4001-8494-040E91DB763E} = {FEE04D8E-811D-4DD3-B586-0F0ED1A36718}
		{E507EDF4-E9BD-40B7-8096-1B459EDC515B} = {FEE04D8E-811D-4DD3-B586-0F0ED1A36718}
		{1EA9E42C-1067-4063-9EF7-7A188EE3E547} = {FEE04D8E-811D-4DD3-B586-0F0ED1A36718}
		{CDA4FBEB-7F9F-4EA1-8DF6-96832C20CA9A} = {FEE04D8E-811D-4DD3-B586-0F0ED1A36718}
		{645D0978-C37D-4B23-9168-9F81BD590DD5} = {ADEF133A-E93A-4B7E-A3F3-8A41540BDBD8}
		{1A5A5ABB-D207-49EF-8A9A-E0AA9FE37016} = {ADEF133A-E93A-4B7E-A3F3-8A41540BDBD8}
		{65246A4C-F544-4DA3-B257-E9583221AB4D} = {ADEF133A-E93A-4B7E-A3F3-8A41540BDBD8}
		{249D6A6C-DC55-40CB-8973-4D3496AFF145} = {ADEF133A-E93A-4B7E-A3F3-8A41540BDBD8}
		{7E756B7C-156F-4A85-940C-74D595BC1A4F} = {ADEF133A-E93A-4B7E-A3F3-8A41540BDBD8}
		{A7D4ADEC-1853-41CE-9454-7FEFE041657B} = {ADEF133A-E93A-4B7E-A3F3-8A41540BDBD8}
		{59795230-2C77-4A05-95CB-F199139F7E88} = {ADEF133A-E93A-4B7E-A3F3-8A41540BDBD8}
		{B99442A5-8751-417D-B45C-845C111E733A} = {ADEF133A-E93A-4B7E-A3F3-8A41540BDBD8}
		{FE09531C-B7EE-4F0B-867B-8F0B4F6B905A} = {ADEF133A-E93A-4B7E-A3F3-8A41540BDBD8}
		{3A7B6EF8-5E14-44A0-9AF3-50C258A03B50} = {ADEF133A-E93A-4B7E-A3F3-8A41540BDBD8}
		{ED29C86C-6FCD-4783-96E2-E4F7EBBB54C5} = {ADEF133A-E93A-4B7E-A3F3-8A41540BDBD8}
		{C9F6461D-9995-4870-AE73-5C1DE6DE868E} = {ADEF133A-E93A-4B7E-A3F3-8A41540BDBD8}
		{C92E67CC-9646-4249-B5D8-69C63EC69197} = {ADEF133A-E93A-4B7E-A3F3-8A41540BDBD8}
	EndGlobalSection
	GlobalSection(ExtensibilityGlobals) = postSolution
		SolutionGuid = {BB665D64-D641-49C5-96D1-BE81E7118815}
	EndGlobalSection
EndGlobal
