
Microsoft Visual Studio Solution File, Format Version 12.00
# Visual Studio Version 17
VisualStudioVersion = 17.0.31903.59
MinimumVisualStudioVersion = 10.0.40219.1
Project("{FAE04EC0-301F-11D3-BF4B-00C04F79EFBC}") = "Text", "Text\Text.csproj", "{87C88516-3CD0-4E34-942D-FDCE356F0731}"
EndProject
Project("{FAE04EC0-301F-11D3-BF4B-00C04F79EFBC}") = "Text.Tests", "Text.Tests\Text.Tests.csproj", "{FDA54B9A-03E0-42EA-B83B-AF8833B1D4A8}"
EndProject
Global
	GlobalSection(SolutionConfigurationPlatforms) = preSolution
		Debug|Any CPU = Debug|Any CPU
		Release|Any CPU = Release|Any CPU
	EndGlobalSection
	GlobalSection(SolutionProperties) = preSolution
		HideSolutionNode = FALSE
	EndGlobalSection
	GlobalSection(ProjectConfigurationPlatforms) = postSolution
		{87C88516-3CD0-4E34-942D-FDCE356F0731}.Debug|Any CPU.ActiveCfg = Debug|Any CPU
		{87C88516-3CD0-4E34-942D-FDCE356F0731}.Debug|Any CPU.Build.0 = Debug|Any CPU
		{87C88516-3CD0-4E34-942D-FDCE356F0731}.Release|Any CPU.ActiveCfg = Release|Any CPU
		{87C88516-3CD0-4E34-942D-FDCE356F0731}.Release|Any CPU.Build.0 = Release|Any CPU
		{FDA54B9A-03E0-42EA-B83B-AF8833B1D4A8}.Debug|Any CPU.ActiveCfg = Debug|Any CPU
		{FDA54B9A-03E0-42EA-B83B-AF8833B1D4A8}.Debug|Any CPU.Build.0 = Debug|Any CPU
		{FDA54B9A-03E0-42EA-B83B-AF8833B1D4A8}.Release|Any CPU.ActiveCfg = Release|Any CPU
		{FDA54B9A-03E0-42EA-B83B-AF8833B1D4A8}.Release|Any CPU.Build.0 = Release|Any CPU
	EndGlobalSection
EndGlobal
